
Microsoft Visual Studio Solution File, Format Version 12.00
# Visual Studio 15
VisualStudioVersion = 15.0.28307.421
MinimumVisualStudioVersion = 10.0.40219.1
Project("{9A19103F-16F7-4668-BE54-9A1E7A4F7556}") = "LeonhardExercisesTests", "LeonhardExercisesTests\LeonhardExercisesTests.csproj", "{2CF33E25-52FE-44C9-8711-0D223F6E8FB1}"
EndProject
Project("{FAE04EC0-301F-11D3-BF4B-00C04F79EFBC}") = "LeonhardExercises", "LeonhardExercises\LeonhardExercises.csproj", "{12A3A696-6D78-4EFD-8243-3DAE7C068170}"
EndProject
Project("{FAE04EC0-301F-11D3-BF4B-00C04F79EFBC}") = "KataExercises", "KataExercises\KataExercises.csproj", "{0035B6CF-ABCD-49F1-8734-8665EACC20C8}"
EndProject
Project("{FAE04EC0-301F-11D3-BF4B-00C04F79EFBC}") = "KataExercisesTests", "KataExercisesTests\KataExercisesTests.csproj", "{2E3DF5C2-8A38-4A03-86D7-8D463C917E47}"
EndProject
Project("{FAE04EC0-301F-11D3-BF4B-00C04F79EFBC}") = "DataStructuresStudy", "DataStructuresStudy\DataStructuresStudy.csproj", "{171FC874-5CB9-4705-814C-177EBBB00FF9}"
EndProject
Project("{FAE04EC0-301F-11D3-BF4B-00C04F79EFBC}") = "DataStructuresStudyTest", "DataStructuresStudyTest\DataStructuresStudyTest.csproj", "{F043C953-1377-4082-BBDB-BCA2E5FE3743}"
EndProject
Project("{FAE04EC0-301F-11D3-BF4B-00C04F79EFBC}") = "DataStructuresStudyConsole", "DataStructuresStudyConsole\DataStructuresStudyConsole.csproj", "{94B79686-3FF0-4E6F-858F-9BF0EA5E0329}"
EndProject
Global
	GlobalSection(SolutionConfigurationPlatforms) = preSolution
		Debug|Any CPU = Debug|Any CPU
		Release|Any CPU = Release|Any CPU
	EndGlobalSection
	GlobalSection(ProjectConfigurationPlatforms) = postSolution
		{2CF33E25-52FE-44C9-8711-0D223F6E8FB1}.Debug|Any CPU.ActiveCfg = Debug|Any CPU
		{2CF33E25-52FE-44C9-8711-0D223F6E8FB1}.Debug|Any CPU.Build.0 = Debug|Any CPU
		{2CF33E25-52FE-44C9-8711-0D223F6E8FB1}.Release|Any CPU.ActiveCfg = Release|Any CPU
		{2CF33E25-52FE-44C9-8711-0D223F6E8FB1}.Release|Any CPU.Build.0 = Release|Any CPU
		{12A3A696-6D78-4EFD-8243-3DAE7C068170}.Debug|Any CPU.ActiveCfg = Debug|Any CPU
		{12A3A696-6D78-4EFD-8243-3DAE7C068170}.Debug|Any CPU.Build.0 = Debug|Any CPU
		{12A3A696-6D78-4EFD-8243-3DAE7C068170}.Release|Any CPU.ActiveCfg = Release|Any CPU
		{12A3A696-6D78-4EFD-8243-3DAE7C068170}.Release|Any CPU.Build.0 = Release|Any CPU
		{0035B6CF-ABCD-49F1-8734-8665EACC20C8}.Debug|Any CPU.ActiveCfg = Debug|Any CPU
		{0035B6CF-ABCD-49F1-8734-8665EACC20C8}.Debug|Any CPU.Build.0 = Debug|Any CPU
		{0035B6CF-ABCD-49F1-8734-8665EACC20C8}.Release|Any CPU.ActiveCfg = Release|Any CPU
		{0035B6CF-ABCD-49F1-8734-8665EACC20C8}.Release|Any CPU.Build.0 = Release|Any CPU
		{2E3DF5C2-8A38-4A03-86D7-8D463C917E47}.Debug|Any CPU.ActiveCfg = Debug|Any CPU
		{2E3DF5C2-8A38-4A03-86D7-8D463C917E47}.Debug|Any CPU.Build.0 = Debug|Any CPU
		{2E3DF5C2-8A38-4A03-86D7-8D463C917E47}.Release|Any CPU.ActiveCfg = Release|Any CPU
		{2E3DF5C2-8A38-4A03-86D7-8D463C917E47}.Release|Any CPU.Build.0 = Release|Any CPU
		{171FC874-5CB9-4705-814C-177EBBB00FF9}.Debug|Any CPU.ActiveCfg = Debug|Any CPU
		{171FC874-5CB9-4705-814C-177EBBB00FF9}.Debug|Any CPU.Build.0 = Debug|Any CPU
		{171FC874-5CB9-4705-814C-177EBBB00FF9}.Release|Any CPU.ActiveCfg = Release|Any CPU
		{171FC874-5CB9-4705-814C-177EBBB00FF9}.Release|Any CPU.Build.0 = Release|Any CPU
		{F043C953-1377-4082-BBDB-BCA2E5FE3743}.Debug|Any CPU.ActiveCfg = Debug|Any CPU
		{F043C953-1377-4082-BBDB-BCA2E5FE3743}.Debug|Any CPU.Build.0 = Debug|Any CPU
		{F043C953-1377-4082-BBDB-BCA2E5FE3743}.Release|Any CPU.ActiveCfg = Release|Any CPU
		{F043C953-1377-4082-BBDB-BCA2E5FE3743}.Release|Any CPU.Build.0 = Release|Any CPU
		{94B79686-3FF0-4E6F-858F-9BF0EA5E0329}.Debug|Any CPU.ActiveCfg = Debug|Any CPU
		{94B79686-3FF0-4E6F-858F-9BF0EA5E0329}.Debug|Any CPU.Build.0 = Debug|Any CPU
		{94B79686-3FF0-4E6F-858F-9BF0EA5E0329}.Release|Any CPU.ActiveCfg = Release|Any CPU
		{94B79686-3FF0-4E6F-858F-9BF0EA5E0329}.Release|Any CPU.Build.0 = Release|Any CPU
	EndGlobalSection
	GlobalSection(SolutionProperties) = preSolution
		HideSolutionNode = FALSE
	EndGlobalSection
	GlobalSection(ExtensibilityGlobals) = postSolution
		SolutionGuid = {DDD10B0E-7240-42BD-820A-513DACFA0376}
	EndGlobalSection
EndGlobal
